
Microsoft Visual Studio Solution File, Format Version 12.00
# Visual Studio 2013
VisualStudioVersion = 12.0.30501.0
MinimumVisualStudioVersion = 10.0.40219.1
Project("{FAE04EC0-301F-11D3-BF4B-00C04F79EFBC}") = "WebradioManager", "WebradioManager\WebradioManager.csproj", "{EA59B51A-9587-4793-9742-D00A0612E389}"
EndProject
Global
	GlobalSection(SolutionConfigurationPlatforms) = preSolution
		Debug|Any CPU = Debug|Any CPU
		Release|Any CPU = Release|Any CPU
	EndGlobalSection
	GlobalSection(ProjectConfigurationPlatforms) = postSolution
		{EA59B51A-9587-4793-9742-D00A0612E389}.Debug|Any CPU.ActiveCfg = Debug|Any CPU
		{EA59B51A-9587-4793-9742-D00A0612E389}.Debug|Any CPU.Build.0 = Debug|Any CPU
		{EA59B51A-9587-4793-9742-D00A0612E389}.Release|Any CPU.ActiveCfg = Release|Any CPU
		{EA59B51A-9587-4793-9742-D00A0612E389}.Release|Any CPU.Build.0 = Release|Any CPU
	EndGlobalSection
	GlobalSection(SolutionProperties) = preSolution
		HideSolutionNode = FALSE
	EndGlobalSection
EndGlobal
